# This file is automatically generated.
# It is not intended for manual editing.
version = 1

[[packages]]
name = "wasi:filesystem"
registry = "wasi.dev"

[[packages.versions]]
requirement = "=0.2.7"
version = "0.2.7"
digest = "sha256:52a50afc422c0784b48104c8fd6486cf1a6691cb15f202a71acf27cb5e2dc767"

[[packages]]
name = "wasi:io"
registry = "wasi.dev"

[[packages.versions]]
requirement = "=0.2.7"
version = "0.2.7"
digest = "sha256:4c23f92381d6f012bc0c6b2bae062c3ed12b701d66e1229fca9a2dbacc239c49"
